
Microsoft Visual Studio Solution File, Format Version 12.00
# Visual Studio Version 16
VisualStudioVersion = 16.0.29411.108
MinimumVisualStudioVersion = 10.0.40219.1
Project("{FAE04EC0-301F-11D3-BF4B-00C04F79EFBC}") = "AspNetCore3.0Base.MVC", "AspNetCore3.0Base.MVC.csproj", "{469199E9-8AFA-4CAB-A930-C05E59C4C023}"
EndProject
Project("{2150E333-8FDC-42A3-9474-1A3956D46DE8}") = "1 - FrontEnd", "1 - FrontEnd", "{447D2AB7-02D8-44C8-991D-96D7D1723024}"
EndProject
Project("{2150E333-8FDC-42A3-9474-1A3956D46DE8}") = "2 - RestAPI", "2 - RestAPI", "{58533C75-E350-4ADB-B3D2-F6B63F638359}"
EndProject
Project("{2150E333-8FDC-42A3-9474-1A3956D46DE8}") = "3 - Application Layer", "3 - Application Layer", "{B194BF36-7A87-4918-A408-569CDB451199}"
EndProject
Project("{2150E333-8FDC-42A3-9474-1A3956D46DE8}") = "4 - Domain Layer", "4 - Domain Layer", "{3E991796-9FAE-466C-86DE-805883C3E1B5}"
EndProject
Project("{2150E333-8FDC-42A3-9474-1A3956D46DE8}") = "5 - Infra Layer", "5 - Infra Layer", "{509ABCC6-E94F-42C9-8456-B0D73B885139}"
EndProject
Project("{2150E333-8FDC-42A3-9474-1A3956D46DE8}") = "5.1 - Cross Cutting", "5.1 - Cross Cutting", "{96BCF6B5-BB95-496B-82F5-506A2A1F55BD}"
EndProject
Project("{2150E333-8FDC-42A3-9474-1A3956D46DE8}") = "5.2 - Data", "5.2 - Data", "{FE5D4DC6-E78C-4D66-B398-6A97B4FB9ED3}"
EndProject
Project("{FAE04EC0-301F-11D3-BF4B-00C04F79EFBC}") = "AspNetCore3.0Base.RestAPI", "..\AspNetCore3.0Base.RestAPI\AspNetCore3.0Base.RestAPI.csproj", "{F94A961E-602A-4A39-A06C-1BBBEEDA2AA0}"
EndProject
Project("{FAE04EC0-301F-11D3-BF4B-00C04F79EFBC}") = "AspNetCore3.0Base.Application", "..\AspNetCore3.0Base.Application\AspNetCore3.0Base.Application.csproj", "{E248F128-89C7-475D-AF1A-80CBC69752C8}"
EndProject
Project("{FAE04EC0-301F-11D3-BF4B-00C04F79EFBC}") = "AspNetCore3.0Base.Domain", "..\AspNetCore3.0Base.Domain\AspNetCore3.0Base.Domain.csproj", "{BCB16216-1FF2-46E8-8675-496F31ED956F}"
EndProject
Project("{FAE04EC0-301F-11D3-BF4B-00C04F79EFBC}") = "AspNetCore3.0Base.Infra.CrossCutting", "..\AspNetCore3.0Base.CrossCutting\AspNetCore3.0Base.Infra.CrossCutting.csproj", "{DD3FB728-F989-4BA6-82FF-34ED25A96FE0}"
EndProject
Project("{FAE04EC0-301F-11D3-BF4B-00C04F79EFBC}") = "AspNetCore3.0Base.Infra.Data", "..\AspNetCore3.0Base.Data\AspNetCore3.0Base.Infra.Data.csproj", "{3797994D-634F-4BD1-902C-7C47F28034DF}"
EndProject
Project("{2150E333-8FDC-42A3-9474-1A3956D46DE8}") = "1.1 - MVC", "1.1 - MVC", "{852D2747-9239-4D4C-B307-A486C251E677}"
EndProject
Global
	GlobalSection(SolutionConfigurationPlatforms) = preSolution
		Debug|Any CPU = Debug|Any CPU
		Release|Any CPU = Release|Any CPU
	EndGlobalSection
	GlobalSection(ProjectConfigurationPlatforms) = postSolution
		{469199E9-8AFA-4CAB-A930-C05E59C4C023}.Debug|Any CPU.ActiveCfg = Debug|Any CPU
		{469199E9-8AFA-4CAB-A930-C05E59C4C023}.Debug|Any CPU.Build.0 = Debug|Any CPU
		{469199E9-8AFA-4CAB-A930-C05E59C4C023}.Release|Any CPU.ActiveCfg = Release|Any CPU
		{469199E9-8AFA-4CAB-A930-C05E59C4C023}.Release|Any CPU.Build.0 = Release|Any CPU
		{F94A961E-602A-4A39-A06C-1BBBEEDA2AA0}.Debug|Any CPU.ActiveCfg = Debug|Any CPU
		{F94A961E-602A-4A39-A06C-1BBBEEDA2AA0}.Debug|Any CPU.Build.0 = Debug|Any CPU
		{F94A961E-602A-4A39-A06C-1BBBEEDA2AA0}.Release|Any CPU.ActiveCfg = Release|Any CPU
		{F94A961E-602A-4A39-A06C-1BBBEEDA2AA0}.Release|Any CPU.Build.0 = Release|Any CPU
		{E248F128-89C7-475D-AF1A-80CBC69752C8}.Debug|Any CPU.ActiveCfg = Debug|Any CPU
		{E248F128-89C7-475D-AF1A-80CBC69752C8}.Debug|Any CPU.Build.0 = Debug|Any CPU
		{E248F128-89C7-475D-AF1A-80CBC69752C8}.Release|Any CPU.ActiveCfg = Release|Any CPU
		{E248F128-89C7-475D-AF1A-80CBC69752C8}.Release|Any CPU.Build.0 = Release|Any CPU
		{BCB16216-1FF2-46E8-8675-496F31ED956F}.Debug|Any CPU.ActiveCfg = Debug|Any CPU
		{BCB16216-1FF2-46E8-8675-496F31ED956F}.Debug|Any CPU.Build.0 = Debug|Any CPU
		{BCB16216-1FF2-46E8-8675-496F31ED956F}.Release|Any CPU.ActiveCfg = Release|Any CPU
		{BCB16216-1FF2-46E8-8675-496F31ED956F}.Release|Any CPU.Build.0 = Release|Any CPU
		{DD3FB728-F989-4BA6-82FF-34ED25A96FE0}.Debug|Any CPU.ActiveCfg = Debug|Any CPU
		{DD3FB728-F989-4BA6-82FF-34ED25A96FE0}.Debug|Any CPU.Build.0 = Debug|Any CPU
		{DD3FB728-F989-4BA6-82FF-34ED25A96FE0}.Release|Any CPU.ActiveCfg = Release|Any CPU
		{DD3FB728-F989-4BA6-82FF-34ED25A96FE0}.Release|Any CPU.Build.0 = Release|Any CPU
		{3797994D-634F-4BD1-902C-7C47F28034DF}.Debug|Any CPU.ActiveCfg = Debug|Any CPU
		{3797994D-634F-4BD1-902C-7C47F28034DF}.Debug|Any CPU.Build.0 = Debug|Any CPU
		{3797994D-634F-4BD1-902C-7C47F28034DF}.Release|Any CPU.ActiveCfg = Release|Any CPU
		{3797994D-634F-4BD1-902C-7C47F28034DF}.Release|Any CPU.Build.0 = Release|Any CPU
	EndGlobalSection
	GlobalSection(SolutionProperties) = preSolution
		HideSolutionNode = FALSE
	EndGlobalSection
	GlobalSection(NestedProjects) = preSolution
		{469199E9-8AFA-4CAB-A930-C05E59C4C023} = {852D2747-9239-4D4C-B307-A486C251E677}
		{96BCF6B5-BB95-496B-82F5-506A2A1F55BD} = {509ABCC6-E94F-42C9-8456-B0D73B885139}
		{FE5D4DC6-E78C-4D66-B398-6A97B4FB9ED3} = {509ABCC6-E94F-42C9-8456-B0D73B885139}
		{F94A961E-602A-4A39-A06C-1BBBEEDA2AA0} = {58533C75-E350-4ADB-B3D2-F6B63F638359}
		{E248F128-89C7-475D-AF1A-80CBC69752C8} = {B194BF36-7A87-4918-A408-569CDB451199}
		{BCB16216-1FF2-46E8-8675-496F31ED956F} = {3E991796-9FAE-466C-86DE-805883C3E1B5}
		{DD3FB728-F989-4BA6-82FF-34ED25A96FE0} = {96BCF6B5-BB95-496B-82F5-506A2A1F55BD}
		{3797994D-634F-4BD1-902C-7C47F28034DF} = {FE5D4DC6-E78C-4D66-B398-6A97B4FB9ED3}
		{852D2747-9239-4D4C-B307-A486C251E677} = {447D2AB7-02D8-44C8-991D-96D7D1723024}
	EndGlobalSection
	GlobalSection(ExtensibilityGlobals) = postSolution
		SolutionGuid = {7631F63F-4329-4508-934B-ACD6668D9890}
	EndGlobalSection
EndGlobal
